
Microsoft Visual Studio Solution File, Format Version 12.00
# Visual Studio Version 17
VisualStudioVersion = 17.0.31903.59
MinimumVisualStudioVersion = 10.0.40219.1
Project("{2150E333-8FDC-42A3-9474-1A3956D46DE8}") = "src", "src", "{32B70684-4A5B-4A60-96D8-34D1A949CA10}"
EndProject
Project("{FAE04EC0-301F-11D3-BF4B-00C04F79EFBC}") = "AuctionService", "src\AuctionService\AuctionService.csproj", "{FA1E2B16-9009-4B91-B08D-E8603A844D42}"
EndProject
Project("{FAE04EC0-301F-11D3-BF4B-00C04F79EFBC}") = "SearchService", "src\SearchService\SearchService.csproj", "{5B881A8E-7372-46A7-8B01-45C042B9F48B}"
EndProject
Project("{FAE04EC0-301F-11D3-BF4B-00C04F79EFBC}") = "Contracts", "src\Contracts\Contracts.csproj", "{6C74B6B5-B69E-4561-9746-945668D75988}"
EndProject
Project("{FAE04EC0-301F-11D3-BF4B-00C04F79EFBC}") = "IdentityService", "src\IdentityService\IdentityService.csproj", "{936928E8-2354-465F-B805-8B943DF77E29}"
EndProject
Project("{FAE04EC0-301F-11D3-BF4B-00C04F79EFBC}") = "GatewayService", "src\GatewayService\GatewayService.csproj", "{7AE9E3FE-B935-45EB-9D06-CFBF8AF3CD2C}"
EndProject
Global
	GlobalSection(SolutionConfigurationPlatforms) = preSolution
		Debug|Any CPU = Debug|Any CPU
		Release|Any CPU = Release|Any CPU
	EndGlobalSection
	GlobalSection(SolutionProperties) = preSolution
		HideSolutionNode = FALSE
	EndGlobalSection
	GlobalSection(ProjectConfigurationPlatforms) = postSolution
		{FA1E2B16-9009-4B91-B08D-E8603A844D42}.Debug|Any CPU.ActiveCfg = Debug|Any CPU
		{FA1E2B16-9009-4B91-B08D-E8603A844D42}.Debug|Any CPU.Build.0 = Debug|Any CPU
		{FA1E2B16-9009-4B91-B08D-E8603A844D42}.Release|Any CPU.ActiveCfg = Release|Any CPU
		{FA1E2B16-9009-4B91-B08D-E8603A844D42}.Release|Any CPU.Build.0 = Release|Any CPU
		{5B881A8E-7372-46A7-8B01-45C042B9F48B}.Debug|Any CPU.ActiveCfg = Debug|Any CPU
		{5B881A8E-7372-46A7-8B01-45C042B9F48B}.Debug|Any CPU.Build.0 = Debug|Any CPU
		{5B881A8E-7372-46A7-8B01-45C042B9F48B}.Release|Any CPU.ActiveCfg = Release|Any CPU
		{5B881A8E-7372-46A7-8B01-45C042B9F48B}.Release|Any CPU.Build.0 = Release|Any CPU
		{6C74B6B5-B69E-4561-9746-945668D75988}.Debug|Any CPU.ActiveCfg = Debug|Any CPU
		{6C74B6B5-B69E-4561-9746-945668D75988}.Debug|Any CPU.Build.0 = Debug|Any CPU
		{6C74B6B5-B69E-4561-9746-945668D75988}.Release|Any CPU.ActiveCfg = Release|Any CPU
		{6C74B6B5-B69E-4561-9746-945668D75988}.Release|Any CPU.Build.0 = Release|Any CPU
		{936928E8-2354-465F-B805-8B943DF77E29}.Debug|Any CPU.ActiveCfg = Debug|Any CPU
		{936928E8-2354-465F-B805-8B943DF77E29}.Debug|Any CPU.Build.0 = Debug|Any CPU
		{936928E8-2354-465F-B805-8B943DF77E29}.Release|Any CPU.ActiveCfg = Release|Any CPU
		{936928E8-2354-465F-B805-8B943DF77E29}.Release|Any CPU.Build.0 = Release|Any CPU
		{7AE9E3FE-B935-45EB-9D06-CFBF8AF3CD2C}.Debug|Any CPU.ActiveCfg = Debug|Any CPU
		{7AE9E3FE-B935-45EB-9D06-CFBF8AF3CD2C}.Debug|Any CPU.Build.0 = Debug|Any CPU
		{7AE9E3FE-B935-45EB-9D06-CFBF8AF3CD2C}.Release|Any CPU.ActiveCfg = Release|Any CPU
		{7AE9E3FE-B935-45EB-9D06-CFBF8AF3CD2C}.Release|Any CPU.Build.0 = Release|Any CPU
	EndGlobalSection
	GlobalSection(NestedProjects) = preSolution
		{FA1E2B16-9009-4B91-B08D-E8603A844D42} = {32B70684-4A5B-4A60-96D8-34D1A949CA10}
		{5B881A8E-7372-46A7-8B01-45C042B9F48B} = {32B70684-4A5B-4A60-96D8-34D1A949CA10}
		{6C74B6B5-B69E-4561-9746-945668D75988} = {32B70684-4A5B-4A60-96D8-34D1A949CA10}
		{936928E8-2354-465F-B805-8B943DF77E29} = {32B70684-4A5B-4A60-96D8-34D1A949CA10}
		{7AE9E3FE-B935-45EB-9D06-CFBF8AF3CD2C} = {32B70684-4A5B-4A60-96D8-34D1A949CA10}
	EndGlobalSection
EndGlobal
